
Microsoft Visual Studio Solution File, Format Version 12.00
# Visual Studio Version 17
VisualStudioVersion = 17.14.36408.4 d17.14
MinimumVisualStudioVersion = 10.0.40219.1
Project("{FAE04EC0-301F-11D3-BF4B-00C04F79EFBC}") = "UserService", "UserService\UserService.csproj", "{5C3D88B4-B433-408F-B4B9-102420A203B1}"
EndProject
Global
	GlobalSection(SolutionConfigurationPlatforms) = preSolution
		Debug|Any CPU = Debug|Any CPU
		Release|Any CPU = Release|Any CPU
	EndGlobalSection
	GlobalSection(ProjectConfigurationPlatforms) = postSolution
		{5C3D88B4-B433-408F-B4B9-102420A203B1}.Debug|Any CPU.ActiveCfg = Debug|Any CPU
		{5C3D88B4-B433-408F-B4B9-102420A203B1}.Debug|Any CPU.Build.0 = Debug|Any CPU
		{5C3D88B4-B433-408F-B4B9-102420A203B1}.Release|Any CPU.ActiveCfg = Release|Any CPU
		{5C3D88B4-B433-408F-B4B9-102420A203B1}.Release|Any CPU.Build.0 = Release|Any CPU
	EndGlobalSection
	GlobalSection(SolutionProperties) = preSolution
		HideSolutionNode = FALSE
	EndGlobalSection
	GlobalSection(ExtensibilityGlobals) = postSolution
		SolutionGuid = {5EC4CDEB-B741-4624-8D7C-39E98F5765CD}
	EndGlobalSection
EndGlobal
